
Microsoft Visual Studio Solution File, Format Version 12.00
# Visual Studio 2012
Project("{FAE04EC0-301F-11D3-BF4B-00C04F79EFBC}") = "BeatlesApp", "BeatlesApp\BeatlesApp.csproj", "{A18893C8-4755-488A-8A76-7949C69F816A}"
EndProject
Project("{FAE04EC0-301F-11D3-BF4B-00C04F79EFBC}") = "BeatlesApp.iOS", "iOS\BeatlesApp.iOS.csproj", "{02412CB2-A8BC-4CB9-B522-83BF58DA4E7E}"
EndProject
Global
	GlobalSection(SolutionConfigurationPlatforms) = preSolution
		Debug|Any CPU = Debug|Any CPU
		Release|Any CPU = Release|Any CPU
		Debug|iPhoneSimulator = Debug|iPhoneSimulator
		Release|iPhone = Release|iPhone
		Release|iPhoneSimulator = Release|iPhoneSimulator
		Debug|iPhone = Debug|iPhone
	EndGlobalSection
	GlobalSection(ProjectConfigurationPlatforms) = postSolution
		{A18893C8-4755-488A-8A76-7949C69F816A}.Debug|Any CPU.ActiveCfg = Debug|Any CPU
		{A18893C8-4755-488A-8A76-7949C69F816A}.Debug|Any CPU.Build.0 = Debug|Any CPU
		{A18893C8-4755-488A-8A76-7949C69F816A}.Release|Any CPU.ActiveCfg = Release|Any CPU
		{A18893C8-4755-488A-8A76-7949C69F816A}.Release|Any CPU.Build.0 = Release|Any CPU
		{A18893C8-4755-488A-8A76-7949C69F816A}.Debug|iPhoneSimulator.ActiveCfg = Debug|Any CPU
		{A18893C8-4755-488A-8A76-7949C69F816A}.Debug|iPhoneSimulator.Build.0 = Debug|Any CPU
		{A18893C8-4755-488A-8A76-7949C69F816A}.Release|iPhone.ActiveCfg = Release|Any CPU
		{A18893C8-4755-488A-8A76-7949C69F816A}.Release|iPhone.Build.0 = Release|Any CPU
		{A18893C8-4755-488A-8A76-7949C69F816A}.Release|iPhoneSimulator.ActiveCfg = Release|Any CPU
		{A18893C8-4755-488A-8A76-7949C69F816A}.Release|iPhoneSimulator.Build.0 = Release|Any CPU
		{A18893C8-4755-488A-8A76-7949C69F816A}.Debug|iPhone.ActiveCfg = Debug|Any CPU
		{A18893C8-4755-488A-8A76-7949C69F816A}.Debug|iPhone.Build.0 = Debug|Any CPU
		{02412CB2-A8BC-4CB9-B522-83BF58DA4E7E}.Debug|Any CPU.ActiveCfg = Debug|iPhoneSimulator
		{02412CB2-A8BC-4CB9-B522-83BF58DA4E7E}.Debug|Any CPU.Build.0 = Debug|iPhoneSimulator
		{02412CB2-A8BC-4CB9-B522-83BF58DA4E7E}.Release|Any CPU.ActiveCfg = Release|iPhone
		{02412CB2-A8BC-4CB9-B522-83BF58DA4E7E}.Release|Any CPU.Build.0 = Release|iPhone
		{02412CB2-A8BC-4CB9-B522-83BF58DA4E7E}.Debug|iPhoneSimulator.ActiveCfg = Debug|iPhoneSimulator
		{02412CB2-A8BC-4CB9-B522-83BF58DA4E7E}.Debug|iPhoneSimulator.Build.0 = Debug|iPhoneSimulator
		{02412CB2-A8BC-4CB9-B522-83BF58DA4E7E}.Release|iPhone.ActiveCfg = Release|iPhone
		{02412CB2-A8BC-4CB9-B522-83BF58DA4E7E}.Release|iPhone.Build.0 = Release|iPhone
		{02412CB2-A8BC-4CB9-B522-83BF58DA4E7E}.Release|iPhoneSimulator.ActiveCfg = Release|iPhoneSimulator
		{02412CB2-A8BC-4CB9-B522-83BF58DA4E7E}.Release|iPhoneSimulator.Build.0 = Release|iPhoneSimulator
		{02412CB2-A8BC-4CB9-B522-83BF58DA4E7E}.Debug|iPhone.ActiveCfg = Debug|iPhone
		{02412CB2-A8BC-4CB9-B522-83BF58DA4E7E}.Debug|iPhone.Build.0 = Debug|iPhone
	EndGlobalSection
EndGlobal
